
Microsoft Visual Studio Solution File, Format Version 12.00
# Visual Studio Version 16
VisualStudioVersion = 16.0.33529.622
MinimumVisualStudioVersion = 10.0.40219.1
Project("{FAE04EC0-301F-11D3-BF4B-00C04F79EFBC}") = "FriishProduce", "FriishProduce\FriishProduce.csproj", "{CFF73FC2-34DD-43AE-844D-DC63B71EA250}"
EndProject
Global
	GlobalSection(SolutionConfigurationPlatforms) = preSolution
		Debug|Any CPU = Debug|Any CPU
		Release|Any CPU = Release|Any CPU
	EndGlobalSection
	GlobalSection(ProjectConfigurationPlatforms) = postSolution
		{CFF73FC2-34DD-43AE-844D-DC63B71EA250}.Debug|Any CPU.ActiveCfg = Debug|Any CPU
		{CFF73FC2-34DD-43AE-844D-DC63B71EA250}.Debug|Any CPU.Build.0 = Debug|Any CPU
		{CFF73FC2-34DD-43AE-844D-DC63B71EA250}.Release|Any CPU.ActiveCfg = Release|Any CPU
		{CFF73FC2-34DD-43AE-844D-DC63B71EA250}.Release|Any CPU.Build.0 = Release|Any CPU
	EndGlobalSection
	GlobalSection(SolutionProperties) = preSolution
		HideSolutionNode = FALSE
	EndGlobalSection
	GlobalSection(ExtensibilityGlobals) = postSolution
		SolutionGuid = {EDFB0C4E-F181-4532-B98F-75B50A5ED2FE}
	EndGlobalSection
EndGlobal
